
Microsoft Visual Studio Solution File, Format Version 11.00
# Visual Studio 2010
Project("{FAE04EC0-301F-11D3-BF4B-00C04F79EFBC}") = "workflow-web", "workflow-web\workflow-web.csproj", "{12A34AFC-B2D7-4ECE-8FF0-936074636E4D}"
EndProject
Project("{FAE04EC0-301F-11D3-BF4B-00C04F79EFBC}") = "ControlsLib", "ControlsLib\ControlsLib.csproj", "{E101C302-D7DD-4FE5-9060-624CB5430AB9}"
EndProject
Project("{FAE04EC0-301F-11D3-BF4B-00C04F79EFBC}") = "PersistenceLib", "PersistenceLib\PersistenceLib.csproj", "{DCF8C7A4-865E-44EE-BAFD-77E71FCD48AF}"
EndProject
Project("{FAE04EC0-301F-11D3-BF4B-00C04F79EFBC}") = "ProgramLib", "ProgramLib\ProgramLib.csproj", "{75634B28-7879-4488-AB2C-C554D2FB2EEE}"
EndProject
Project("{FAE04EC0-301F-11D3-BF4B-00C04F79EFBC}") = "Programm1", "Programm1\Programm1.csproj", "{2EEF8867-6EC2-447A-817A-8C4E10C0BD7F}"
EndProject
Project("{FAE04EC0-301F-11D3-BF4B-00C04F79EFBC}") = "Programm3", "Programm3\Programm3.csproj", "{F39E779A-FEEB-4662-A606-905D4A3155F4}"
EndProject
Project("{FAE04EC0-301F-11D3-BF4B-00C04F79EFBC}") = "Programm2", "Programm2\Programm2.csproj", "{5B87A023-CD74-425C-A4A5-7CB599D704D3}"
EndProject
Global
	GlobalSection(SolutionConfigurationPlatforms) = preSolution
		Debug|Any CPU = Debug|Any CPU
		Release|Any CPU = Release|Any CPU
	EndGlobalSection
	GlobalSection(ProjectConfigurationPlatforms) = postSolution
		{12A34AFC-B2D7-4ECE-8FF0-936074636E4D}.Debug|Any CPU.ActiveCfg = Debug|Any CPU
		{12A34AFC-B2D7-4ECE-8FF0-936074636E4D}.Debug|Any CPU.Build.0 = Debug|Any CPU
		{12A34AFC-B2D7-4ECE-8FF0-936074636E4D}.Release|Any CPU.ActiveCfg = Release|Any CPU
		{12A34AFC-B2D7-4ECE-8FF0-936074636E4D}.Release|Any CPU.Build.0 = Release|Any CPU
		{E101C302-D7DD-4FE5-9060-624CB5430AB9}.Debug|Any CPU.ActiveCfg = Debug|Any CPU
		{E101C302-D7DD-4FE5-9060-624CB5430AB9}.Debug|Any CPU.Build.0 = Debug|Any CPU
		{E101C302-D7DD-4FE5-9060-624CB5430AB9}.Release|Any CPU.ActiveCfg = Release|Any CPU
		{E101C302-D7DD-4FE5-9060-624CB5430AB9}.Release|Any CPU.Build.0 = Release|Any CPU
		{DCF8C7A4-865E-44EE-BAFD-77E71FCD48AF}.Debug|Any CPU.ActiveCfg = Debug|Any CPU
		{DCF8C7A4-865E-44EE-BAFD-77E71FCD48AF}.Debug|Any CPU.Build.0 = Debug|Any CPU
		{DCF8C7A4-865E-44EE-BAFD-77E71FCD48AF}.Release|Any CPU.ActiveCfg = Release|Any CPU
		{DCF8C7A4-865E-44EE-BAFD-77E71FCD48AF}.Release|Any CPU.Build.0 = Release|Any CPU
		{75634B28-7879-4488-AB2C-C554D2FB2EEE}.Debug|Any CPU.ActiveCfg = Debug|Any CPU
		{75634B28-7879-4488-AB2C-C554D2FB2EEE}.Debug|Any CPU.Build.0 = Debug|Any CPU
		{75634B28-7879-4488-AB2C-C554D2FB2EEE}.Release|Any CPU.ActiveCfg = Release|Any CPU
		{75634B28-7879-4488-AB2C-C554D2FB2EEE}.Release|Any CPU.Build.0 = Release|Any CPU
		{2EEF8867-6EC2-447A-817A-8C4E10C0BD7F}.Debug|Any CPU.ActiveCfg = Debug|Any CPU
		{2EEF8867-6EC2-447A-817A-8C4E10C0BD7F}.Debug|Any CPU.Build.0 = Debug|Any CPU
		{2EEF8867-6EC2-447A-817A-8C4E10C0BD7F}.Release|Any CPU.ActiveCfg = Release|Any CPU
		{2EEF8867-6EC2-447A-817A-8C4E10C0BD7F}.Release|Any CPU.Build.0 = Release|Any CPU
		{F39E779A-FEEB-4662-A606-905D4A3155F4}.Debug|Any CPU.ActiveCfg = Debug|Any CPU
		{F39E779A-FEEB-4662-A606-905D4A3155F4}.Debug|Any CPU.Build.0 = Debug|Any CPU
		{F39E779A-FEEB-4662-A606-905D4A3155F4}.Release|Any CPU.ActiveCfg = Release|Any CPU
		{F39E779A-FEEB-4662-A606-905D4A3155F4}.Release|Any CPU.Build.0 = Release|Any CPU
		{5B87A023-CD74-425C-A4A5-7CB599D704D3}.Debug|Any CPU.ActiveCfg = Debug|Any CPU
		{5B87A023-CD74-425C-A4A5-7CB599D704D3}.Debug|Any CPU.Build.0 = Debug|Any CPU
		{5B87A023-CD74-425C-A4A5-7CB599D704D3}.Release|Any CPU.ActiveCfg = Release|Any CPU
		{5B87A023-CD74-425C-A4A5-7CB599D704D3}.Release|Any CPU.Build.0 = Release|Any CPU
	EndGlobalSection
	GlobalSection(SolutionProperties) = preSolution
		HideSolutionNode = FALSE
	EndGlobalSection
EndGlobal
